
Microsoft Visual Studio Solution File, Format Version 12.00
# Visual Studio 14
VisualStudioVersion = 14.0.25420.1
MinimumVisualStudioVersion = 10.0.40219.1
Project("{2150E333-8FDC-42A3-9474-1A3956D46DE8}") = "Presentation", "Presentation", "{D271D231-A2A8-4247-A472-A0ED58A7E7F4}"
EndProject
Project("{2150E333-8FDC-42A3-9474-1A3956D46DE8}") = "Application", "Application", "{668FEDEA-312D-43B2-8E35-E25B98A690E6}"
EndProject
Project("{2150E333-8FDC-42A3-9474-1A3956D46DE8}") = "Infra", "Infra", "{F9DBD23F-4AA4-4B58-91E0-AAC68BB5B4EB}"
EndProject
Project("{8BB2217D-0F2D-49D1-97BC-3654ED321F3B}") = "DentApp.MVC", "DentApp.MVC\DentApp.MVC.xproj", "{8A585E72-3402-4C8B-9DB4-F61EF0DA9901}"
EndProject
Project("{2150E333-8FDC-42A3-9474-1A3956D46DE8}") = "Domain", "Domain", "{471362BC-B88D-48AD-984F-799BCD8F6705}"
EndProject
Project("{8BB2217D-0F2D-49D1-97BC-3654ED321F3B}") = "DentApp.Domain", "DentApp.Domain\DentApp.Domain.xproj", "{2CD4376C-5384-400C-890F-C3D9FD1967D3}"
EndProject
Project("{8BB2217D-0F2D-49D1-97BC-3654ED321F3B}") = "DentApp.Security", "DentApp.Security\DentApp.Security.xproj", "{001C4B7F-ECFF-4632-B320-5EBE3D6FBBED}"
EndProject
Project("{2150E333-8FDC-42A3-9474-1A3956D46DE8}") = "Data", "Data", "{9FE795EF-F3C3-4069-8AF5-692AE9DCE662}"
EndProject
Project("{8BB2217D-0F2D-49D1-97BC-3654ED321F3B}") = "DentApp.Infra.Data", "DentApp.Infra.Data\DentApp.Infra.Data.xproj", "{8C579F9F-D710-4D1E-A091-26F2B290BEC7}"
EndProject
Project("{8BB2217D-0F2D-49D1-97BC-3654ED321F3B}") = "DentApp.Application", "DentApp.Application\DentApp.Application.xproj", "{C32B9B2B-0394-4FE9-8956-A6A2E9FADD49}"
EndProject
Project("{2150E333-8FDC-42A3-9474-1A3956D46DE8}") = "CrossCutting", "CrossCutting", "{E1281568-386A-4628-8FEE-484C90BF1D0C}"
EndProject
Project("{8BB2217D-0F2D-49D1-97BC-3654ED321F3B}") = "DentApp.CrossCutting.IoC", "DentApp.CrossCutting.IoC\DentApp.CrossCutting.IoC.xproj", "{DFE50BDB-04FF-4EE5-9BEC-6177BC58CABD}"
EndProject
Global
	GlobalSection(SolutionConfigurationPlatforms) = preSolution
		Debug|Any CPU = Debug|Any CPU
		Release|Any CPU = Release|Any CPU
	EndGlobalSection
	GlobalSection(ProjectConfigurationPlatforms) = postSolution
		{8A585E72-3402-4C8B-9DB4-F61EF0DA9901}.Debug|Any CPU.ActiveCfg = Debug|Any CPU
		{8A585E72-3402-4C8B-9DB4-F61EF0DA9901}.Debug|Any CPU.Build.0 = Debug|Any CPU
		{8A585E72-3402-4C8B-9DB4-F61EF0DA9901}.Release|Any CPU.ActiveCfg = Release|Any CPU
		{8A585E72-3402-4C8B-9DB4-F61EF0DA9901}.Release|Any CPU.Build.0 = Release|Any CPU
		{2CD4376C-5384-400C-890F-C3D9FD1967D3}.Debug|Any CPU.ActiveCfg = Debug|Any CPU
		{2CD4376C-5384-400C-890F-C3D9FD1967D3}.Debug|Any CPU.Build.0 = Debug|Any CPU
		{2CD4376C-5384-400C-890F-C3D9FD1967D3}.Release|Any CPU.ActiveCfg = Release|Any CPU
		{2CD4376C-5384-400C-890F-C3D9FD1967D3}.Release|Any CPU.Build.0 = Release|Any CPU
		{001C4B7F-ECFF-4632-B320-5EBE3D6FBBED}.Debug|Any CPU.ActiveCfg = Debug|Any CPU
		{001C4B7F-ECFF-4632-B320-5EBE3D6FBBED}.Debug|Any CPU.Build.0 = Debug|Any CPU
		{001C4B7F-ECFF-4632-B320-5EBE3D6FBBED}.Release|Any CPU.ActiveCfg = Release|Any CPU
		{001C4B7F-ECFF-4632-B320-5EBE3D6FBBED}.Release|Any CPU.Build.0 = Release|Any CPU
		{8C579F9F-D710-4D1E-A091-26F2B290BEC7}.Debug|Any CPU.ActiveCfg = Debug|Any CPU
		{8C579F9F-D710-4D1E-A091-26F2B290BEC7}.Debug|Any CPU.Build.0 = Debug|Any CPU
		{8C579F9F-D710-4D1E-A091-26F2B290BEC7}.Release|Any CPU.ActiveCfg = Release|Any CPU
		{8C579F9F-D710-4D1E-A091-26F2B290BEC7}.Release|Any CPU.Build.0 = Release|Any CPU
		{C32B9B2B-0394-4FE9-8956-A6A2E9FADD49}.Debug|Any CPU.ActiveCfg = Debug|Any CPU
		{C32B9B2B-0394-4FE9-8956-A6A2E9FADD49}.Debug|Any CPU.Build.0 = Debug|Any CPU
		{C32B9B2B-0394-4FE9-8956-A6A2E9FADD49}.Release|Any CPU.ActiveCfg = Release|Any CPU
		{C32B9B2B-0394-4FE9-8956-A6A2E9FADD49}.Release|Any CPU.Build.0 = Release|Any CPU
		{DFE50BDB-04FF-4EE5-9BEC-6177BC58CABD}.Debug|Any CPU.ActiveCfg = Debug|Any CPU
		{DFE50BDB-04FF-4EE5-9BEC-6177BC58CABD}.Debug|Any CPU.Build.0 = Debug|Any CPU
		{DFE50BDB-04FF-4EE5-9BEC-6177BC58CABD}.Release|Any CPU.ActiveCfg = Release|Any CPU
		{DFE50BDB-04FF-4EE5-9BEC-6177BC58CABD}.Release|Any CPU.Build.0 = Release|Any CPU
	EndGlobalSection
	GlobalSection(SolutionProperties) = preSolution
		HideSolutionNode = FALSE
	EndGlobalSection
	GlobalSection(NestedProjects) = preSolution
		{8A585E72-3402-4C8B-9DB4-F61EF0DA9901} = {D271D231-A2A8-4247-A472-A0ED58A7E7F4}
		{2CD4376C-5384-400C-890F-C3D9FD1967D3} = {471362BC-B88D-48AD-984F-799BCD8F6705}
		{001C4B7F-ECFF-4632-B320-5EBE3D6FBBED} = {668FEDEA-312D-43B2-8E35-E25B98A690E6}
		{9FE795EF-F3C3-4069-8AF5-692AE9DCE662} = {F9DBD23F-4AA4-4B58-91E0-AAC68BB5B4EB}
		{8C579F9F-D710-4D1E-A091-26F2B290BEC7} = {9FE795EF-F3C3-4069-8AF5-692AE9DCE662}
		{C32B9B2B-0394-4FE9-8956-A6A2E9FADD49} = {668FEDEA-312D-43B2-8E35-E25B98A690E6}
		{E1281568-386A-4628-8FEE-484C90BF1D0C} = {F9DBD23F-4AA4-4B58-91E0-AAC68BB5B4EB}
		{DFE50BDB-04FF-4EE5-9BEC-6177BC58CABD} = {E1281568-386A-4628-8FEE-484C90BF1D0C}
	EndGlobalSection
EndGlobal
